
Microsoft Visual Studio Solution File, Format Version 12.00
# Visual Studio Version 17
VisualStudioVersion = 17.4.33213.308
MinimumVisualStudioVersion = 10.0.40219.1
Project("{FAE04EC0-301F-11D3-BF4B-00C04F79EFBC}") = "While loop", "While loop.csproj", "{9FF76A3A-86CF-4F14-9F4C-CE9E57041F70}"
EndProject
Global
	GlobalSection(SolutionConfigurationPlatforms) = preSolution
		Debug|Any CPU = Debug|Any CPU
		Release|Any CPU = Release|Any CPU
	EndGlobalSection
	GlobalSection(ProjectConfigurationPlatforms) = postSolution
		{9FF76A3A-86CF-4F14-9F4C-CE9E57041F70}.Debug|Any CPU.ActiveCfg = Debug|Any CPU
		{9FF76A3A-86CF-4F14-9F4C-CE9E57041F70}.Debug|Any CPU.Build.0 = Debug|Any CPU
		{9FF76A3A-86CF-4F14-9F4C-CE9E57041F70}.Release|Any CPU.ActiveCfg = Release|Any CPU
		{9FF76A3A-86CF-4F14-9F4C-CE9E57041F70}.Release|Any CPU.Build.0 = Release|Any CPU
	EndGlobalSection
	GlobalSection(SolutionProperties) = preSolution
		HideSolutionNode = FALSE
	EndGlobalSection
	GlobalSection(ExtensibilityGlobals) = postSolution
		SolutionGuid = {A2D2B692-6D9C-4EDF-B430-BFD2913B6565}
	EndGlobalSection
EndGlobal
